// !$*UTF8*$!
{
	archiveVersion = 1;
	classes = {
	};
	objectVersion = 46;
	objects = {

/* Begin PBXBuildFile section */
		8EEA0180C6E9F00A541779E7 /* libPods-GeofencingPush.a in Frameworks */ = {isa = PBXBuildFile; fileRef = 0FD76C1DD91D0EE483BA31A0 /* libPods-GeofencingPush.a */; };
		8F36F240AC8ADA5416125FF8 /* LaunchScreen.storyboard in Resources */ = {isa = PBXBuildFile; fileRef = 8F36F1504648CC8DEDFD0713 /* LaunchScreen.storyboard */; };
		8F36F429E7F919AD1AACCB25 /* Main.storyboard in Resources */ = {isa = PBXBuildFile; fileRef = 8F36F20CEF2B3461DF93FF43 /* Main.storyboard */; };
		8F36F88B3704A69BB27D3710 /* Assets.xcassets in Resources */ = {isa = PBXBuildFile; fileRef = 8F36FDA7FBB36080647645E8 /* Assets.xcassets */; };
		8F36FBC877179FA7EFD84286 /* Info.plist in Resources */ = {isa = PBXBuildFile; fileRef = 8F36FB74A692583DD5F59EAF /* Info.plist */; };
		8F36FDF93B085B45D089CF76 /* main.m in Sources */ = {isa = PBXBuildFile; fileRef = 8F36F282581BA46B82142E97 /* main.m */; };
		8F36FF8C249EBFCAD3E871D9 /* ViewController.m in Sources */ = {isa = PBXBuildFile; fileRef = 8F36F0A8C107A1D6A760784C /* ViewController.m */; };
		8F36FFF55E0F9DFC826BC72F /* AppDelegate.m in Sources */ = {isa = PBXBuildFile; fileRef = 8F36F0F5D049F2302F82E40A /* AppDelegate.m */; };
/* End PBXBuildFile section */

/* Begin PBXFileReference section */
		09BF6182482BCD5C572C946F /* Pods-GeofencingPush.release.xcconfig */ = {isa = PBXFileReference; includeInIndex = 1; lastKnownFileType = text.xcconfig; name = "Pods-GeofencingPush.release.xcconfig"; path = "Pods/Target Support Files/Pods-GeofencingPush/Pods-GeofencingPush.release.xcconfig"; sourceTree = "<group>"; };
		0FD76C1DD91D0EE483BA31A0 /* libPods-GeofencingPush.a */ = {isa = PBXFileReference; explicitFileType = archive.ar; includeInIndex = 0; path = "libPods-GeofencingPush.a"; sourceTree = BUILT_PRODUCTS_DIR; };
		8F36F0A8C107A1D6A760784C /* ViewController.m */ = {isa = PBXFileReference; lastKnownFileType = sourcecode.c.objc; path = ViewController.m; sourceTree = "<group>"; };
		8F36F0F5D049F2302F82E40A /* AppDelegate.m */ = {isa = PBXFileReference; lastKnownFileType = sourcecode.c.objc; path = AppDelegate.m; sourceTree = "<group>"; };
		8F36F1CC413E1DC2F1CCACE6 /* GeofencingPush.app */ = {isa = PBXFileReference; explicitFileType = wrapper.application; includeInIndex = 0; path = GeofencingPush.app; sourceTree = BUILT_PRODUCTS_DIR; };
		8F36F282581BA46B82142E97 /* main.m */ = {isa = PBXFileReference; lastKnownFileType = sourcecode.c.objc; path = main.m; sourceTree = "<group>"; };
		8F36FB74A692583DD5F59EAF /* Info.plist */ = {isa = PBXFileReference; lastKnownFileType = text.plist.info; path = Info.plist; sourceTree = "<group>"; };
		8F36FC73C7A9F0A9B0FEFD2B /* AppDelegate.h */ = {isa = PBXFileReference; lastKnownFileType = sourcecode.c.h; path = AppDelegate.h; sourceTree = "<group>"; };
		8F36FDA7FBB36080647645E8 /* Assets.xcassets */ = {isa = PBXFileReference; lastKnownFileType = folder.assetcatalog; path = Assets.xcassets; sourceTree = "<group>"; };
		8F36FDCB1BC57313A2FB6E44 /* ViewController.h */ = {isa = PBXFileReference; lastKnownFileType = sourcecode.c.h; path = ViewController.h; sourceTree = "<group>"; };
		8F36FF096FA896E2324A0821 /* Base */ = {isa = PBXFileReference; lastKnownFileType = file.storyboard; name = Base; path = Base.lproj/Main.storyboard; sourceTree = "<group>"; };
		8F36FFFC514C7266EC728CDA /* Base */ = {isa = PBXFileReference; lastKnownFileType = file.storyboard; name = Base; path = Base.lproj/LaunchScreen.storyboard; sourceTree = "<group>"; };
		B3681F871E78EE56001A3C7C /* GeofencingPush.entitlements */ = {isa = PBXFileReference; lastKnownFileType = text.plist.entitlements; path = GeofencingPush.entitlements; sourceTree = "<group>"; };
		EE686EC01CE5FE109C7B5C5E /* Pods-GeofencingPush.debug.xcconfig */ = {isa = PBXFileReference; includeInIndex = 1; lastKnownFileType = text.xcconfig; name = "Pods-GeofencingPush.debug.xcconfig"; path = "Pods/Target Support Files/Pods-GeofencingPush/Pods-GeofencingPush.debug.xcconfig"; sourceTree = "<group>"; };
/* End PBXFileReference section */

/* Begin PBXFrameworksBuildPhase section */
		8F36F8A7CB8583D2A8A3256D /* Frameworks */ = {
			isa = PBXFrameworksBuildPhase;
			buildActionMask = 2147483647;
			files = (
				8EEA0180C6E9F00A541779E7 /* libPods-GeofencingPush.a in Frameworks */,
			);
			runOnlyForDeploymentPostprocessing = 0;
		};
/* End PBXFrameworksBuildPhase section */

/* Begin PBXGroup section */
		21F8DC4AFBAF4D37E7A58414 /* Pods */ = {
			isa = PBXGroup;
			children = (
				EE686EC01CE5FE109C7B5C5E /* Pods-GeofencingPush.debug.xcconfig */,
				09BF6182482BCD5C572C946F /* Pods-GeofencingPush.release.xcconfig */,
			);
			name = Pods;
			sourceTree = "<group>";
		};
		8F36F144E6A33375880CBA27 /* Supporting Files */ = {
			isa = PBXGroup;
			children = (
				8F36F282581BA46B82142E97 /* main.m */,
			);
			name = "Supporting Files";
			sourceTree = "<group>";
		};
		8F36F361FC92E103BA126D5A /* GeofencingPush */ = {
			isa = PBXGroup;
			children = (
				B3681F871E78EE56001A3C7C /* GeofencingPush.entitlements */,
				8F36FB74A692583DD5F59EAF /* Info.plist */,
				8F36FDA7FBB36080647645E8 /* Assets.xcassets */,
				8F36F1504648CC8DEDFD0713 /* LaunchScreen.storyboard */,
				8F36F144E6A33375880CBA27 /* Supporting Files */,
				8F36FC73C7A9F0A9B0FEFD2B /* AppDelegate.h */,
				8F36F0F5D049F2302F82E40A /* AppDelegate.m */,
				8F36F20CEF2B3461DF93FF43 /* Main.storyboard */,
				8F36FDCB1BC57313A2FB6E44 /* ViewController.h */,
				8F36F0A8C107A1D6A760784C /* ViewController.m */,
			);
			path = GeofencingPush;
			sourceTree = "<group>";
		};
		8F36F8F432634DF79A3AAC4C /* Products */ = {
			isa = PBXGroup;
			children = (
				8F36F1CC413E1DC2F1CCACE6 /* GeofencingPush.app */,
			);
			name = Products;
			sourceTree = "<group>";
		};
		8F36FC5E10E3913FFD029E80 = {
			isa = PBXGroup;
			children = (
				8F36F8F432634DF79A3AAC4C /* Products */,
				8F36F361FC92E103BA126D5A /* GeofencingPush */,
				21F8DC4AFBAF4D37E7A58414 /* Pods */,
				AC4D79A4E8D42B00755FBCDC /* Frameworks */,
			);
			sourceTree = "<group>";
		};
		AC4D79A4E8D42B00755FBCDC /* Frameworks */ = {
			isa = PBXGroup;
			children = (
				0FD76C1DD91D0EE483BA31A0 /* libPods-GeofencingPush.a */,
			);
			name = Frameworks;
			sourceTree = "<group>";
		};
/* End PBXGroup section */

/* Begin PBXNativeTarget section */
		8F36F744F7EDC23FEB55F903 /* GeofencingPush */ = {
			isa = PBXNativeTarget;
			buildConfigurationList = 8F36FEB6AE95DA6251AEFF6F /* Build configuration list for PBXNativeTarget "GeofencingPush" */;
			buildPhases = (
				3E494E42C14E5C82E701E281 /* [CP] Check Pods Manifest.lock */,
				8F36F69CDA37123F1810D186 /* Sources */,
				8F36F8A7CB8583D2A8A3256D /* Frameworks */,
				8F36F3508245F3C2B98FC77E /* Resources */,
				4D2419B3C9707D0686A4EDA4 /* [CP] Embed Pods Frameworks */,
				7DCFD0974A3FF86D48539765 /* [CP] Copy Pods Resources */,
			);
			buildRules = (
			);
			dependencies = (
			);
			name = GeofencingPush;
			productName = GeofencingPush;
			productReference = 8F36F1CC413E1DC2F1CCACE6 /* GeofencingPush.app */;
			productType = "com.apple.product-type.application";
		};
/* End PBXNativeTarget section */

/* Begin PBXProject section */
		8F36FC7EC377D8E4B52CD98C /* Project object */ = {
			isa = PBXProject;
			attributes = {
				ORGANIZATIONNAME = ZYXW;
				TargetAttributes = {
					8F36F744F7EDC23FEB55F903 = {
						DevelopmentTeam = W9T87XG75X;
						SystemCapabilities = {
							com.apple.BackgroundModes = {
								enabled = 1;
							};
							com.apple.InAppPurchase = {
								enabled = 0;
							};
							com.apple.Push = {
								enabled = 1;
							};
						};
					};
				};
			};
			buildConfigurationList = 8F36F26DC88861D7E0723D69 /* Build configuration list for PBXProject "GeofencingPush" */;
			compatibilityVersion = "Xcode 3.2";
			developmentRegion = English;
			hasScannedForEncodings = 0;
			knownRegions = (
				en,
			);
			mainGroup = 8F36FC5E10E3913FFD029E80;
			productRefGroup = 8F36F8F432634DF79A3AAC4C /* Products */;
			projectDirPath = "";
			projectRoot = "";
			targets = (
				8F36F744F7EDC23FEB55F903 /* GeofencingPush */,
			);
		};
/* End PBXProject section */

/* Begin PBXResourcesBuildPhase section */
		8F36F3508245F3C2B98FC77E /* Resources */ = {
			isa = PBXResourcesBuildPhase;
			buildActionMask = 2147483647;
			files = (
				8F36FBC877179FA7EFD84286 /* Info.plist in Resources */,
				8F36F88B3704A69BB27D3710 /* Assets.xcassets in Resources */,
				8F36F240AC8ADA5416125FF8 /* LaunchScreen.storyboard in Resources */,
				8F36F429E7F919AD1AACCB25 /* Main.storyboard in Resources */,
			);
			runOnlyForDeploymentPostprocessing = 0;
		};
/* End PBXResourcesBuildPhase section */

/* Begin PBXShellScriptBuildPhase section */
		3E494E42C14E5C82E701E281 /* [CP] Check Pods Manifest.lock */ = {
			isa = PBXShellScriptBuildPhase;
			buildActionMask = 2147483647;
			files = (
			);
			inputPaths = (
			);
			name = "[CP] Check Pods Manifest.lock";
			outputPaths = (
			);
			runOnlyForDeploymentPostprocessing = 0;
			shellPath = /bin/sh;
			shellScript = "diff \"${PODS_PODFILE_DIR_PATH}/Podfile.lock\" \"${PODS_ROOT}/Manifest.lock\" > /dev/null\nif [ $? != 0 ] ; then\n    # print error to STDERR\n    echo \"error: The sandbox is not in sync with the Podfile.lock. Run 'pod install' or update your CocoaPods installation.\" >&2\n    exit 1\nfi\n";
			showEnvVarsInLog = 0;
		};
		4D2419B3C9707D0686A4EDA4 /* [CP] Embed Pods Frameworks */ = {
			isa = PBXShellScriptBuildPhase;
			buildActionMask = 2147483647;
			files = (
			);
			inputPaths = (
			);
			name = "[CP] Embed Pods Frameworks";
			outputPaths = (
			);
			runOnlyForDeploymentPostprocessing = 0;
			shellPath = /bin/sh;
			shellScript = "\"${SRCROOT}/Pods/Target Support Files/Pods-GeofencingPush/Pods-GeofencingPush-frameworks.sh\"\n";
			showEnvVarsInLog = 0;
		};
		7DCFD0974A3FF86D48539765 /* [CP] Copy Pods Resources */ = {
			isa = PBXShellScriptBuildPhase;
			buildActionMask = 2147483647;
			files = (
			);
			inputPaths = (
			);
			name = "[CP] Copy Pods Resources";
			outputPaths = (
			);
			runOnlyForDeploymentPostprocessing = 0;
			shellPath = /bin/sh;
			shellScript = "\"${SRCROOT}/Pods/Target Support Files/Pods-GeofencingPush/Pods-GeofencingPush-resources.sh\"\n";
			showEnvVarsInLog = 0;
		};
/* End PBXShellScriptBuildPhase section */

/* Begin PBXSourcesBuildPhase section */
		8F36F69CDA37123F1810D186 /* Sources */ = {
			isa = PBXSourcesBuildPhase;
			buildActionMask = 2147483647;
			files = (
				8F36FDF93B085B45D089CF76 /* main.m in Sources */,
				8F36FFF55E0F9DFC826BC72F /* AppDelegate.m in Sources */,
				8F36FF8C249EBFCAD3E871D9 /* ViewController.m in Sources */,
			);
			runOnlyForDeploymentPostprocessing = 0;
		};
/* End PBXSourcesBuildPhase section */

/* Begin PBXVariantGroup section */
		8F36F1504648CC8DEDFD0713 /* LaunchScreen.storyboard */ = {
			isa = PBXVariantGroup;
			children = (
				8F36FFFC514C7266EC728CDA /* Base */,
			);
			name = LaunchScreen.storyboard;
			sourceTree = "<group>";
		};
		8F36F20CEF2B3461DF93FF43 /* Main.storyboard */ = {
			isa = PBXVariantGroup;
			children = (
				8F36FF096FA896E2324A0821 /* Base */,
			);
			name = Main.storyboard;
			sourceTree = "<group>";
		};
/* End PBXVariantGroup section */

/* Begin XCBuildConfiguration section */
		8F36F3F5F7C66C0181A7BFA6 /* Release */ = {
			isa = XCBuildConfiguration;
			buildSettings = {
				ALWAYS_SEARCH_USER_PATHS = NO;
				CLANG_ANALYZER_NONNULL = YES;
				CLANG_CXX_LANGUAGE_STANDARD = "gnu++0x";
				CLANG_CXX_LIBRARY = "libc++";
				CLANG_ENABLE_MODULES = YES;
				CLANG_ENABLE_OBJC_ARC = YES;
				CLANG_WARN_BOOL_CONVERSION = YES;
				CLANG_WARN_CONSTANT_CONVERSION = YES;
				CLANG_WARN_DIRECT_OBJC_ISA_USAGE = YES_ERROR;
				CLANG_WARN_DOCUMENTATION_COMMENTS = YES;
				CLANG_WARN_EMPTY_BODY = YES;
				CLANG_WARN_ENUM_CONVERSION = YES;
				CLANG_WARN_INFINITE_RECURSION = YES;
				CLANG_WARN_INT_CONVERSION = YES;
				CLANG_WARN_OBJC_ROOT_CLASS = YES_ERROR;
				CLANG_WARN_SUSPICIOUS_MOVE = YES;
				CLANG_WARN_UNREACHABLE_CODE = YES;
				CLANG_WARN__DUPLICATE_METHOD_MATCH = YES;
				"CODE_SIGN_IDENTITY[sdk=iphoneos*]" = "iPhone Developer";
				COPY_PHASE_STRIP = NO;
				DEBUG_INFORMATION_FORMAT = "dwarf-with-dsym";
				ENABLE_NS_ASSERTIONS = NO;
				ENABLE_STRICT_OBJC_MSGSEND = YES;
				GCC_C_LANGUAGE_STANDARD = gnu99;
				GCC_NO_COMMON_BLOCKS = YES;
				GCC_WARN_64_TO_32_BIT_CONVERSION = YES;
				GCC_WARN_ABOUT_RETURN_TYPE = YES_ERROR;
				GCC_WARN_UNDECLARED_SELECTOR = YES;
				GCC_WARN_UNINITIALIZED_AUTOS = YES_AGGRESSIVE;
				GCC_WARN_UNUSED_FUNCTION = YES;
				GCC_WARN_UNUSED_VARIABLE = YES;
				IPHONEOS_DEPLOYMENT_TARGET = 10.2;
				MTL_ENABLE_DEBUG_INFO = NO;
				SDKROOT = iphoneos;
				VALIDATE_PRODUCT = YES;
			};
			name = Release;
		};
		8F36F8FA1FB31E846C05BF6D /* Release */ = {
			isa = XCBuildConfiguration;
			baseConfigurationReference = 09BF6182482BCD5C572C946F /* Pods-GeofencingPush.release.xcconfig */;
			buildSettings = {
				ASSETCATALOG_COMPILER_APPICON_NAME = AppIcon;
				CODE_SIGN_ENTITLEMENTS = GeofencingPush/GeofencingPush.entitlements;
				DEVELOPMENT_TEAM = W9T87XG75X;
				INFOPLIST_FILE = GeofencingPush/Info.plist;
				LD_RUNPATH_SEARCH_PATHS = "$(inherited) @executable_path/Frameworks";
				PRODUCT_BUNDLE_IDENTIFIER = com.zyxw.geo.push.geofencing;
				PRODUCT_NAME = "$(TARGET_NAME)";
			};
			name = Release;
		};
		8F36F9BEC4D0C005DD1C6817 /* Debug */ = {
			isa = XCBuildConfiguration;
			baseConfigurationReference = EE686EC01CE5FE109C7B5C5E /* Pods-GeofencingPush.debug.xcconfig */;
			buildSettings = {
				ASSETCATALOG_COMPILER_APPICON_NAME = AppIcon;
				CODE_SIGN_ENTITLEMENTS = GeofencingPush/GeofencingPush.entitlements;
				DEVELOPMENT_TEAM = W9T87XG75X;
				INFOPLIST_FILE = GeofencingPush/Info.plist;
				LD_RUNPATH_SEARCH_PATHS = "$(inherited) @executable_path/Frameworks";
				PRODUCT_BUNDLE_IDENTIFIER = com.zyxw.geo.push.geofencing;
				PRODUCT_NAME = "$(TARGET_NAME)";
			};
			name = Debug;
		};
		8F36FC2B5D7EBDE7A6C68530 /* Debug */ = {
			isa = XCBuildConfiguration;
			buildSettings = {
				ALWAYS_SEARCH_USER_PATHS = NO;
				CLANG_ANALYZER_NONNULL = YES;
				CLANG_CXX_LANGUAGE_STANDARD = "gnu++0x";
				CLANG_CXX_LIBRARY = "libc++";
				CLANG_ENABLE_MODULES = YES;
				CLANG_ENABLE_OBJC_ARC = YES;
				CLANG_WARN_BOOL_CONVERSION = YES;
				CLANG_WARN_CONSTANT_CONVERSION = YES;
				CLANG_WARN_DIRECT_OBJC_ISA_USAGE = YES_ERROR;
				CLANG_WARN_DOCUMENTATION_COMMENTS = YES;
				CLANG_WARN_EMPTY_BODY = YES;
				CLANG_WARN_ENUM_CONVERSION = YES;
				CLANG_WARN_INFINITE_RECURSION = YES;
				CLANG_WARN_INT_CONVERSION = YES;
				CLANG_WARN_OBJC_ROOT_CLASS = YES_ERROR;
				CLANG_WARN_SUSPICIOUS_MOVE = YES;
				CLANG_WARN_UNREACHABLE_CODE = YES;
				CLANG_WARN__DUPLICATE_METHOD_MATCH = YES;
				"CODE_SIGN_IDENTITY[sdk=iphoneos*]" = "iPhone Developer";
				COPY_PHASE_STRIP = NO;
				DEBUG_INFORMATION_FORMAT = dwarf;
				ENABLE_STRICT_OBJC_MSGSEND = YES;
				ENABLE_TESTABILITY = YES;
				GCC_C_LANGUAGE_STANDARD = gnu99;
				GCC_DYNAMIC_NO_PIC = NO;
				GCC_NO_COMMON_BLOCKS = YES;
				GCC_OPTIMIZATION_LEVEL = 0;
				GCC_PREPROCESSOR_DEFINITIONS = (
					"DEBUG=1",
					"$(inherited)",
				);
				GCC_WARN_64_TO_32_BIT_CONVERSION = YES;
				GCC_WARN_ABOUT_RETURN_TYPE = YES_ERROR;
				GCC_WARN_UNDECLARED_SELECTOR = YES;
				GCC_WARN_UNINITIALIZED_AUTOS = YES_AGGRESSIVE;
				GCC_WARN_UNUSED_FUNCTION = YES;
				GCC_WARN_UNUSED_VARIABLE = YES;
				IPHONEOS_DEPLOYMENT_TARGET = 10.2;
				MTL_ENABLE_DEBUG_INFO = YES;
				ONLY_ACTIVE_ARCH = YES;
				SDKROOT = iphoneos;
			};
			name = Debug;
		};
/* End XCBuildConfiguration section */

/* Begin XCConfigurationList section */
		8F36F26DC88861D7E0723D69 /* Build configuration list for PBXProject "GeofencingPush" */ = {
			isa = XCConfigurationList;
			buildConfigurations = (
				8F36FC2B5D7EBDE7A6C68530 /* Debug */,
				8F36F3F5F7C66C0181A7BFA6 /* Release */,
			);
			defaultConfigurationIsVisible = 0;
			defaultConfigurationName = Release;
		};
		8F36FEB6AE95DA6251AEFF6F /* Build configuration list for PBXNativeTarget "GeofencingPush" */ = {
			isa = XCConfigurationList;
			buildConfigurations = (
				8F36F9BEC4D0C005DD1C6817 /* Debug */,
				8F36F8FA1FB31E846C05BF6D /* Release */,
			);
			defaultConfigurationIsVisible = 0;
			defaultConfigurationName = Release;
		};
/* End XCConfigurationList section */
	};
	rootObject = 8F36FC7EC377D8E4B52CD98C /* Project object */;
}
